
Microsoft Visual Studio Solution File, Format Version 12.00
# Visual Studio 15
VisualStudioVersion = 15.0.28010.2050
MinimumVisualStudioVersion = 10.0.40219.1
Project("{FAE04EC0-301F-11D3-BF4B-00C04F79EFBC}") = "servicio1", "servicio1\servicio1.csproj", "{1B94949C-55FC-4F19-AF30-C3FDE1049186}"
EndProject
Project("{FAE04EC0-301F-11D3-BF4B-00C04F79EFBC}") = "servicio2", "servicio2\servicio2.csproj", "{73CBB137-2644-4062-8F4F-F7C5914C3E51}"
EndProject
Global
	GlobalSection(SolutionConfigurationPlatforms) = preSolution
		Debug|Any CPU = Debug|Any CPU
		Release|Any CPU = Release|Any CPU
	EndGlobalSection
	GlobalSection(ProjectConfigurationPlatforms) = postSolution
		{1B94949C-55FC-4F19-AF30-C3FDE1049186}.Debug|Any CPU.ActiveCfg = Debug|Any CPU
		{1B94949C-55FC-4F19-AF30-C3FDE1049186}.Debug|Any CPU.Build.0 = Debug|Any CPU
		{1B94949C-55FC-4F19-AF30-C3FDE1049186}.Release|Any CPU.ActiveCfg = Release|Any CPU
		{1B94949C-55FC-4F19-AF30-C3FDE1049186}.Release|Any CPU.Build.0 = Release|Any CPU
		{73CBB137-2644-4062-8F4F-F7C5914C3E51}.Debug|Any CPU.ActiveCfg = Debug|Any CPU
		{73CBB137-2644-4062-8F4F-F7C5914C3E51}.Debug|Any CPU.Build.0 = Debug|Any CPU
		{73CBB137-2644-4062-8F4F-F7C5914C3E51}.Release|Any CPU.ActiveCfg = Release|Any CPU
		{73CBB137-2644-4062-8F4F-F7C5914C3E51}.Release|Any CPU.Build.0 = Release|Any CPU
	EndGlobalSection
	GlobalSection(SolutionProperties) = preSolution
		HideSolutionNode = FALSE
	EndGlobalSection
	GlobalSection(ExtensibilityGlobals) = postSolution
		SolutionGuid = {2ADD2B5D-AA3D-4AF9-83AF-41481C2CA3F0}
	EndGlobalSection
EndGlobal
